github.com/golang-demos/chalk v1.1.1 h1:5TzT+8d8jqmTDhZhCBM2pGKeZ0j8HJtuUzBoYVLg518=
github.com/golang-demos/chalk v1.1.1/go.mod h1:6oOi3j1Ghmt/Vnfr/xTkVRwOt3tx+oU/aQvIG0gbQHA=
golang.org/x/net v0.0.0-20220127200216-cd36cc0744dd h1:O7DYs+zxREGLKzKoMQrtrEacpb0ZVXA5rIwylE2Xchk=
golang.org/x/net v0.0.0-20220127200216-cd36cc0744dd/go.mod h1:CfG3xpIq0wQ8r1q4Su4UZFWDARRcnwPjda9FqA0JpMk=
